
Microsoft Visual Studio Solution File, Format Version 12.00
# Visual Studio Version 17
VisualStudioVersion = 17.5.002.0
MinimumVisualStudioVersion = 10.0.40219.1
Project("{9A19103F-16F7-4668-BE54-9A1E7A4F7556}") = "WillysReceiptParser", "WillysReceiptParser.csproj", "{59643972-55C4-4133-8A9D-5F6AAD9D2CDF}"
EndProject
Global
	GlobalSection(SolutionConfigurationPlatforms) = preSolution
		Debug|Any CPU = Debug|Any CPU
		Release|Any CPU = Release|Any CPU
	EndGlobalSection
	GlobalSection(ProjectConfigurationPlatforms) = postSolution
		{59643972-55C4-4133-8A9D-5F6AAD9D2CDF}.Debug|Any CPU.ActiveCfg = Debug|Any CPU
		{59643972-55C4-4133-8A9D-5F6AAD9D2CDF}.Debug|Any CPU.Build.0 = Debug|Any CPU
		{59643972-55C4-4133-8A9D-5F6AAD9D2CDF}.Release|Any CPU.ActiveCfg = Release|Any CPU
		{59643972-55C4-4133-8A9D-5F6AAD9D2CDF}.Release|Any CPU.Build.0 = Release|Any CPU
	EndGlobalSection
	GlobalSection(SolutionProperties) = preSolution
		HideSolutionNode = FALSE
	EndGlobalSection
	GlobalSection(ExtensibilityGlobals) = postSolution
		SolutionGuid = {BA51A0FE-80CC-4FFC-957A-5E5755C28011}
	EndGlobalSection
EndGlobal
